
Microsoft Visual Studio Solution File, Format Version 12.00
# Visual Studio 15
VisualStudioVersion = 15.0.27130.2027
MinimumVisualStudioVersion = 10.0.40219.1
Project("{9A19103F-16F7-4668-BE54-9A1E7A4F7556}") = "Common", "Common\Common.csproj", "{33FEB35E-1D7D-4D67-BA44-02020C86BAE6}"
EndProject
Project("{FAE04EC0-301F-11D3-BF4B-00C04F79EFBC}") = "Server", "Server\Server.csproj", "{6C0213AF-8DEC-4AD1-9209-1BF71066F004}"
EndProject
Project("{FAE04EC0-301F-11D3-BF4B-00C04F79EFBC}") = "Client", "Client\Client.csproj", "{CCF8FD30-EA6B-4959-93F5-51409BC4ABA0}"
EndProject
Global
	GlobalSection(SolutionConfigurationPlatforms) = preSolution
		Debug|Any CPU = Debug|Any CPU
		Release|Any CPU = Release|Any CPU
	EndGlobalSection
	GlobalSection(ProjectConfigurationPlatforms) = postSolution
		{33FEB35E-1D7D-4D67-BA44-02020C86BAE6}.Debug|Any CPU.ActiveCfg = Debug|Any CPU
		{33FEB35E-1D7D-4D67-BA44-02020C86BAE6}.Debug|Any CPU.Build.0 = Debug|Any CPU
		{33FEB35E-1D7D-4D67-BA44-02020C86BAE6}.Release|Any CPU.ActiveCfg = Release|Any CPU
		{33FEB35E-1D7D-4D67-BA44-02020C86BAE6}.Release|Any CPU.Build.0 = Release|Any CPU
		{6C0213AF-8DEC-4AD1-9209-1BF71066F004}.Debug|Any CPU.ActiveCfg = Debug|Any CPU
		{6C0213AF-8DEC-4AD1-9209-1BF71066F004}.Debug|Any CPU.Build.0 = Debug|Any CPU
		{6C0213AF-8DEC-4AD1-9209-1BF71066F004}.Release|Any CPU.ActiveCfg = Release|Any CPU
		{6C0213AF-8DEC-4AD1-9209-1BF71066F004}.Release|Any CPU.Build.0 = Release|Any CPU
		{CCF8FD30-EA6B-4959-93F5-51409BC4ABA0}.Debug|Any CPU.ActiveCfg = Debug|Any CPU
		{CCF8FD30-EA6B-4959-93F5-51409BC4ABA0}.Debug|Any CPU.Build.0 = Debug|Any CPU
		{CCF8FD30-EA6B-4959-93F5-51409BC4ABA0}.Release|Any CPU.ActiveCfg = Release|Any CPU
		{CCF8FD30-EA6B-4959-93F5-51409BC4ABA0}.Release|Any CPU.Build.0 = Release|Any CPU
	EndGlobalSection
	GlobalSection(SolutionProperties) = preSolution
		HideSolutionNode = FALSE
	EndGlobalSection
	GlobalSection(ExtensibilityGlobals) = postSolution
		SolutionGuid = {0587CF4D-64FB-412A-AAA5-D31EAB0C665B}
	EndGlobalSection
EndGlobal
